PODS:
  - SGQRCode (3.5.1)
  - VastchainPlugin (0.1.5):
    - SGQRCode (~> 3.5.1)

DEPENDENCIES:
  - VastchainPlugin (from `../`)

SPEC REPOS:
  trunk:
    - SGQRCode

EXTERNAL SOURCES:
  VastchainPlugin:
    :path: "../"

SPEC CHECKSUMS:
  SGQRCode: 65d6170ddcf3feecc6e2f3601aac78ad93e56589
  VastchainPlugin: ca40ca08a91c280e019abbb61da3e0e64b9035ff

PODFILE CHECKSUM: 66cfac67d467101253b0bafe89709500eaca033c

COCOAPODS: 1.10.2
